{
  "requires": true,
  "lockfileVersion": 1,
  "dependencies": {
    "@types/bcrypt": {
      "version": "5.0.0",
      "requires": {
        "@types/node": "*"
      }
    },
    "@types/bcryptjs": {
      "version": "2.4.2",
      "resolved": "https://registry.npmjs.org/@types/bcryptjs/-/bcryptjs-2.4.2.tgz",
      "integrity": "sha512-LiMQ6EOPob/4yUL66SZzu6Yh77cbzJFYll+ZfaPiPPFswtIlA/Fs1MzdKYA7JApHU49zQTbJGX3PDmCpIdDBRQ=="
    },
    "@types/node": {
      "version": "17.0.22",
      "resolved": "https://registry.npmjs.org/@types/node/-/node-17.0.22.tgz",
      "integrity": "sha512-8FwbVoG4fy+ykY86XCAclKZDORttqE5/s7dyWZKLXTdv3vRy5HozBEinG5IqhvPXXzIZEcTVbuHlQEI6iuwcmw=="
    },
    "bcryptjs": {
      "version": "2.4.3"
    }
  }
}
